
Microsoft Visual Studio Solution File, Format Version 12.00
Project("{FAE04EC0-301F-11D3-BF4B-00C04F79EFBC}") = "Juno", "Juno\Juno.csproj", "{D5CE3A90-1319-40CF-B36A-62B1CD032C3D}"
EndProject
Project("{FAE04EC0-301F-11D3-BF4B-00C04F79EFBC}") = "Juno.Tests", "Juno.Tests\Juno.Tests.csproj", "{47BD3F07-3939-49C3-840D-146652B8392D}"
EndProject
Global
	GlobalSection(SolutionConfigurationPlatforms) = preSolution
		Debug|Any CPU = Debug|Any CPU
		Release|Any CPU = Release|Any CPU
	EndGlobalSection
	GlobalSection(ProjectConfigurationPlatforms) = postSolution
		{D5CE3A90-1319-40CF-B36A-62B1CD032C3D}.Debug|Any CPU.ActiveCfg = Debug|Any CPU
		{D5CE3A90-1319-40CF-B36A-62B1CD032C3D}.Debug|Any CPU.Build.0 = Debug|Any CPU
		{D5CE3A90-1319-40CF-B36A-62B1CD032C3D}.Release|Any CPU.ActiveCfg = Release|Any CPU
		{D5CE3A90-1319-40CF-B36A-62B1CD032C3D}.Release|Any CPU.Build.0 = Release|Any CPU
		{47BD3F07-3939-49C3-840D-146652B8392D}.Debug|Any CPU.ActiveCfg = Debug|Any CPU
		{47BD3F07-3939-49C3-840D-146652B8392D}.Debug|Any CPU.Build.0 = Debug|Any CPU
		{47BD3F07-3939-49C3-840D-146652B8392D}.Release|Any CPU.ActiveCfg = Release|Any CPU
		{47BD3F07-3939-49C3-840D-146652B8392D}.Release|Any CPU.Build.0 = Release|Any CPU
	EndGlobalSection
EndGlobal
